
Microsoft Visual Studio Solution File, Format Version 12.00
# Visual Studio Version 17
VisualStudioVersion = 17.3.32901.215
MinimumVisualStudioVersion = 10.0.40219.1
Project("{FAE04EC0-301F-11D3-BF4B-00C04F79EFBC}") = "laba2", "LABA2OOP\laba2.csproj", "{991B701B-97E9-4C53-9A63-FFD4583A5360}"
EndProject
Project("{FAE04EC0-301F-11D3-BF4B-00C04F79EFBC}") = "lab2", "MyLib\lab2.csproj", "{2620C72B-BF54-4921-8614-18898E537B58}"
EndProject
Global
	GlobalSection(SolutionConfigurationPlatforms) = preSolution
		Debug|Any CPU = Debug|Any CPU
		Release|Any CPU = Release|Any CPU
	EndGlobalSection
	GlobalSection(ProjectConfigurationPlatforms) = postSolution
		{991B701B-97E9-4C53-9A63-FFD4583A5360}.Debug|Any CPU.ActiveCfg = Debug|Any CPU
		{991B701B-97E9-4C53-9A63-FFD4583A5360}.Debug|Any CPU.Build.0 = Debug|Any CPU
		{991B701B-97E9-4C53-9A63-FFD4583A5360}.Release|Any CPU.ActiveCfg = Release|Any CPU
		{991B701B-97E9-4C53-9A63-FFD4583A5360}.Release|Any CPU.Build.0 = Release|Any CPU
		{2620C72B-BF54-4921-8614-18898E537B58}.Debug|Any CPU.ActiveCfg = Debug|Any CPU
		{2620C72B-BF54-4921-8614-18898E537B58}.Debug|Any CPU.Build.0 = Debug|Any CPU
		{2620C72B-BF54-4921-8614-18898E537B58}.Release|Any CPU.ActiveCfg = Release|Any CPU
		{2620C72B-BF54-4921-8614-18898E537B58}.Release|Any CPU.Build.0 = Release|Any CPU
	EndGlobalSection
	GlobalSection(SolutionProperties) = preSolution
		HideSolutionNode = FALSE
	EndGlobalSection
	GlobalSection(ExtensibilityGlobals) = postSolution
		SolutionGuid = {5D195C8F-5E55-43DC-B7FE-20433EC7D625}
	EndGlobalSection
EndGlobal
